// !$*UTF8*$!
{
	archiveVersion = 1;
	classes = {
	};
	objectVersion = 55;
	objects = {

/* Begin PBXBuildFile section */
		8C2AECC62986B914005BDA50 /* AppDelegate.swift in Sources */ = {isa = PBXBuildFile; fileRef = 8C2AECC52986B914005BDA50 /* AppDelegate.swift */; };
		8C2AECC82986B914005BDA50 /* SceneDelegate.swift in Sources */ = {isa = PBXBuildFile; fileRef = 8C2AECC72986B914005BDA50 /* SceneDelegate.swift */; };
		8C2AECCA2986B914005BDA50 /* ViewController.swift in Sources */ = {isa = PBXBuildFile; fileRef = 8C2AECC92986B914005BDA50 /* ViewController.swift */; };
		8C2AECCD2986B914005BDA50 /* Main.storyboard in Resources */ = {isa = PBXBuildFile; fileRef = 8C2AECCB2986B914005BDA50 /* Main.storyboard */; };
		8C2AECCF2986B916005BDA50 /* Assets.xcassets in Resources */ = {isa = PBXBuildFile; fileRef = 8C2AECCE2986B916005BDA50 /* Assets.xcassets */; };
		8C2AECD22986B916005BDA50 /* LaunchScreen.storyboard in Resources */ = {isa = PBXBuildFile; fileRef = 8C2AECD02986B916005BDA50 /* LaunchScreen.storyboard */; };
		8C2AECDD2986B917005BDA50 /* LightProTests.swift in Sources */ = {isa = PBXBuildFile; fileRef = 8C2AECDC2986B917005BDA50 /* LightProTests.swift */; };
		8C2AECE72986B917005BDA50 /* LightProUITests.swift in Sources */ = {isa = PBXBuildFile; fileRef = 8C2AECE62986B917005BDA50 /* LightProUITests.swift */; };
		8C2AECE92986B917005BDA50 /* LightProUITestsLaunchTests.swift in Sources */ = {isa = PBXBuildFile; fileRef = 8C2AECE82986B917005BDA50 /* LightProUITestsLaunchTests.swift */; };
/* End PBXBuildFile section */

/* Begin PBXContainerItemProxy section */
		8C2AECD92986B917005BDA50 /* PBXContainerItemProxy */ = {
			isa = PBXContainerItemProxy;
			containerPortal = 8C2AECBA2986B914005BDA50 /* Project object */;
			proxyType = 1;
			remoteGlobalIDString = 8C2AECC12986B914005BDA50;
			remoteInfo = LightPro;
		};
		8C2AECE32986B917005BDA50 /* PBXContainerItemProxy */ = {
			isa = PBXContainerItemProxy;
			containerPortal = 8C2AECBA2986B914005BDA50 /* Project object */;
			proxyType = 1;
			remoteGlobalIDString = 8C2AECC12986B914005BDA50;
			remoteInfo = LightPro;
		};
/* End PBXContainerItemProxy section */

/* Begin PBXFileReference section */
		8C2AECC22986B914005BDA50 /* LightPro.app */ = {isa = PBXFileReference; explicitFileType = wrapper.application; includeInIndex = 0; path = LightPro.app; sourceTree = BUILT_PRODUCTS_DIR; };
		8C2AECC52986B914005BDA50 /* AppDelegate.swift */ = {isa = PBXFileReference; lastKnownFileType = sourcecode.swift; path = AppDelegate.swift; sourceTree = "<group>"; };
		8C2AECC72986B914005BDA50 /* SceneDelegate.swift */ = {isa = PBXFileReference; lastKnownFileType = sourcecode.swift; path = SceneDelegate.swift; sourceTree = "<group>"; };
		8C2AECC92986B914005BDA50 /* ViewController.swift */ = {isa = PBXFileReference; lastKnownFileType = sourcecode.swift; path = ViewController.swift; sourceTree = "<group>"; };
		8C2AECCC2986B914005BDA50 /* Base */ = {isa = PBXFileReference; lastKnownFileType = file.storyboard; name = Base; path = Base.lproj/Main.storyboard; sourceTree = "<group>"; };
		8C2AECCE2986B916005BDA50 /* Assets.xcassets */ = {isa = PBXFileReference; lastKnownFileType = folder.assetcatalog; path = Assets.xcassets; sourceTree = "<group>"; };
		8C2AECD12986B916005BDA50 /* Base */ = {isa = PBXFileReference; lastKnownFileType = file.storyboard; name = Base; path = Base.lproj/LaunchScreen.storyboard; sourceTree = "<group>"; };
		8C2AECD32986B916005BDA50 /* Info.plist */ = {isa = PBXFileReference; lastKnownFileType = text.plist.xml; path = Info.plist; sourceTree = "<group>"; };
		8C2AECD82986B917005BDA50 /* LightProTests.xctest */ = {isa = PBXFileReference; explicitFileType = wrapper.cfbundle; includeInIndex = 0; path = LightProTests.xctest; sourceTree = BUILT_PRODUCTS_DIR; };
		8C2AECDC2986B917005BDA50 /* LightProTests.swift */ = {isa = PBXFileReference; lastKnownFileType = sourcecode.swift; path = LightProTests.swift; sourceTree = "<group>"; };
		8C2AECE22986B917005BDA50 /* LightProUITests.xctest */ = {isa = PBXFileReference; explicitFileType = wrapper.cfbundle; includeInIndex = 0; path = LightProUITests.xctest; sourceTree = BUILT_PRODUCTS_DIR; };
		8C2AECE62986B917005BDA50 /* LightProUITests.swift */ = {isa = PBXFileReference; lastKnownFileType = sourcecode.swift; path = LightProUITests.swift; sourceTree = "<group>"; };
		8C2AECE82986B917005BDA50 /* LightProUITestsLaunchTests.swift */ = {isa = PBXFileReference; lastKnownFileType = sourcecode.swift; path = LightProUITestsLaunchTests.swift; sourceTree = "<group>"; };
/* End PBXFileReference section */

/* Begin PBXFrameworksBuildPhase section */
		8C2AECBF2986B914005BDA50 /* Frameworks */ = {
			isa = PBXFrameworksBuildPhase;
			buildActionMask = 2147483647;
			files = (
			);
			runOnlyForDeploymentPostprocessing = 0;
		};
		8C2AECD52986B917005BDA50 /* Frameworks */ = {
			isa = PBXFrameworksBuildPhase;
			buildActionMask = 2147483647;
			files = (
			);
			runOnlyForDeploymentPostprocessing = 0;
		};
		8C2AECDF2986B917005BDA50 /* Frameworks */ = {
			isa = PBXFrameworksBuildPhase;
			buildActionMask = 2147483647;
			files = (
			);
			runOnlyForDeploymentPostprocessing = 0;
		};
/* End PBXFrameworksBuildPhase section */

/* Begin PBXGroup section */
		8C2AECB92986B914005BDA50 = {
			isa = PBXGroup;
			children = (
				8C2AECC42986B914005BDA50 /* LightPro */,
				8C2AECDB2986B917005BDA50 /* LightProTests */,
				8C2AECE52986B917005BDA50 /* LightProUITests */,
				8C2AECC32986B914005BDA50 /* Products */,
			);
			sourceTree = "<group>";
		};
		8C2AECC32986B914005BDA50 /* Products */ = {
			isa = PBXGroup;
			children = (
				8C2AECC22986B914005BDA50 /* LightPro.app */,
				8C2AECD82986B917005BDA50 /* LightProTests.xctest */,
				8C2AECE22986B917005BDA50 /* LightProUITests.xctest */,
			);
			name = Products;
			sourceTree = "<group>";
		};
		8C2AECC42986B914005BDA50 /* LightPro */ = {
			isa = PBXGroup;
			children = (
				8C2AECC52986B914005BDA50 /* AppDelegate.swift */,
				8C2AECC72986B914005BDA50 /* SceneDelegate.swift */,
				8C2AECC92986B914005BDA50 /* ViewController.swift */,
				8C2AECCB2986B914005BDA50 /* Main.storyboard */,
				8C2AECCE2986B916005BDA50 /* Assets.xcassets */,
				8C2AECD02986B916005BDA50 /* LaunchScreen.storyboard */,
				8C2AECD32986B916005BDA50 /* Info.plist */,
			);
			path = LightPro;
			sourceTree = "<group>";
		};
		8C2AECDB2986B917005BDA50 /* LightProTests */ = {
			isa = PBXGroup;
			children = (
				8C2AECDC2986B917005BDA50 /* LightProTests.swift */,
			);
			path = LightProTests;
			sourceTree = "<group>";
		};
		8C2AECE52986B917005BDA50 /* LightProUITests */ = {
			isa = PBXGroup;
			children = (
				8C2AECE62986B917005BDA50 /* LightProUITests.swift */,
				8C2AECE82986B917005BDA50 /* LightProUITestsLaunchTests.swift */,
			);
			path = LightProUITests;
			sourceTree = "<group>";
		};
/* End PBXGroup section */

/* Begin PBXNativeTarget section */
		8C2AECC12986B914005BDA50 /* LightPro */ = {
			isa = PBXNativeTarget;
			buildConfigurationList = 8C2AECEC2986B917005BDA50 /* Build configuration list for PBXNativeTarget "LightPro" */;
			buildPhases = (
				8C2AECBE2986B914005BDA50 /* Sources */,
				8C2AECBF2986B914005BDA50 /* Frameworks */,
				8C2AECC02986B914005BDA50 /* Resources */,
			);
			buildRules = (
			);
			dependencies = (
			);
			name = LightPro;
			productName = LightPro;
			productReference = 8C2AECC22986B914005BDA50 /* LightPro.app */;
			productType = "com.apple.product-type.application";
		};
		8C2AECD72986B917005BDA50 /* LightProTests */ = {
			isa = PBXNativeTarget;
			buildConfigurationList = 8C2AECEF2986B917005BDA50 /* Build configuration list for PBXNativeTarget "LightProTests" */;
			buildPhases = (
				8C2AECD42986B917005BDA50 /* Sources */,
				8C2AECD52986B917005BDA50 /* Frameworks */,
				8C2AECD62986B917005BDA50 /* Resources */,
			);
			buildRules = (
			);
			dependencies = (
				8C2AECDA2986B917005BDA50 /* PBXTargetDependency */,
			);
			name = LightProTests;
			productName = LightProTests;
			productReference = 8C2AECD82986B917005BDA50 /* LightProTests.xctest */;
			productType = "com.apple.product-type.bundle.unit-test";
		};
		8C2AECE12986B917005BDA50 /* LightProUITests */ = {
			isa = PBXNativeTarget;
			buildConfigurationList = 8C2AECF22986B917005BDA50 /* Build configuration list for PBXNativeTarget "LightProUITests" */;
			buildPhases = (
				8C2AECDE2986B917005BDA50 /* Sources */,
				8C2AECDF2986B917005BDA50 /* Frameworks */,
				8C2AECE02986B917005BDA50 /* Resources */,
			);
			buildRules = (
			);
			dependencies = (
				8C2AECE42986B917005BDA50 /* PBXTargetDependency */,
			);
			name = LightProUITests;
			productName = LightProUITests;
			productReference = 8C2AECE22986B917005BDA50 /* LightProUITests.xctest */;
			productType = "com.apple.product-type.bundle.ui-testing";
		};
/* End PBXNativeTarget section */

/* Begin PBXProject section */
		8C2AECBA2986B914005BDA50 /* Project object */ = {
			isa = PBXProject;
			attributes = {
				BuildIndependentTargetsInParallel = 1;
				LastSwiftUpdateCheck = 1310;
				LastUpgradeCheck = 1310;
				TargetAttributes = {
					8C2AECC12986B914005BDA50 = {
						CreatedOnToolsVersion = 13.1;
					};
					8C2AECD72986B917005BDA50 = {
						CreatedOnToolsVersion = 13.1;
						TestTargetID = 8C2AECC12986B914005BDA50;
					};
					8C2AECE12986B917005BDA50 = {
						CreatedOnToolsVersion = 13.1;
						TestTargetID = 8C2AECC12986B914005BDA50;
					};
				};
			};
			buildConfigurationList = 8C2AECBD2986B914005BDA50 /* Build configuration list for PBXProject "LightPro" */;
			compatibilityVersion = "Xcode 13.0";
			developmentRegion = en;
			hasScannedForEncodings = 0;
			knownRegions = (
				en,
				Base,
			);
			mainGroup = 8C2AECB92986B914005BDA50;
			productRefGroup = 8C2AECC32986B914005BDA50 /* Products */;
			projectDirPath = "";
			projectRoot = "";
			targets = (
				8C2AECC12986B914005BDA50 /* LightPro */,
				8C2AECD72986B917005BDA50 /* LightProTests */,
				8C2AECE12986B917005BDA50 /* LightProUITests */,
			);
		};
/* End PBXProject section */

/* Begin PBXResourcesBuildPhase section */
		8C2AECC02986B914005BDA50 /* Resources */ = {
			isa = PBXResourcesBuildPhase;
			buildActionMask = 2147483647;
			files = (
				8C2AECD22986B916005BDA50 /* LaunchScreen.storyboard in Resources */,
				8C2AECCF2986B916005BDA50 /* Assets.xcassets in Resources */,
				8C2AECCD2986B914005BDA50 /* Main.storyboard in Resources */,
			);
			runOnlyForDeploymentPostprocessing = 0;
		};
		8C2AECD62986B917005BDA50 /* Resources */ = {
			isa = PBXResourcesBuildPhase;
			buildActionMask = 2147483647;
			files = (
			);
			runOnlyForDeploymentPostprocessing = 0;
		};
		8C2AECE02986B917005BDA50 /* Resources */ = {
			isa = PBXResourcesBuildPhase;
			buildActionMask = 2147483647;
			files = (
			);
			runOnlyForDeploymentPostprocessing = 0;
		};
/* End PBXResourcesBuildPhase section */

/* Begin PBXSourcesBuildPhase section */
		8C2AECBE2986B914005BDA50 /* Sources */ = {
			isa = PBXSourcesBuildPhase;
			buildActionMask = 2147483647;
			files = (
				8C2AECCA2986B914005BDA50 /* ViewController.swift in Sources */,
				8C2AECC62986B914005BDA50 /* AppDelegate.swift in Sources */,
				8C2AECC82986B914005BDA50 /* SceneDelegate.swift in Sources */,
			);
			runOnlyForDeploymentPostprocessing = 0;
		};
		8C2AECD42986B917005BDA50 /* Sources */ = {
			isa = PBXSourcesBuildPhase;
			buildActionMask = 2147483647;
			files = (
				8C2AECDD2986B917005BDA50 /* LightProTests.swift in Sources */,
			);
			runOnlyForDeploymentPostprocessing = 0;
		};
		8C2AECDE2986B917005BDA50 /* Sources */ = {
			isa = PBXSourcesBuildPhase;
			buildActionMask = 2147483647;
			files = (
				8C2AECE92986B917005BDA50 /* LightProUITestsLaunchTests.swift in Sources */,
				8C2AECE72986B917005BDA50 /* LightProUITests.swift in Sources */,
			);
			runOnlyForDeploymentPostprocessing = 0;
		};
/* End PBXSourcesBuildPhase section */

/* Begin PBXTargetDependency section */
		8C2AECDA2986B917005BDA50 /* PBXTargetDependency */ = {
			isa = PBXTargetDependency;
			target = 8C2AECC12986B914005BDA50 /* LightPro */;
			targetProxy = 8C2AECD92986B917005BDA50 /* PBXContainerItemProxy */;
		};
		8C2AECE42986B917005BDA50 /* PBXTargetDependency */ = {
			isa = PBXTargetDependency;
			target = 8C2AECC12986B914005BDA50 /* LightPro */;
			targetProxy = 8C2AECE32986B917005BDA50 /* PBXContainerItemProxy */;
		};
/* End PBXTargetDependency section */

/* Begin PBXVariantGroup section */
		8C2AECCB2986B914005BDA50 /* Main.storyboard */ = {
			isa = PBXVariantGroup;
			children = (
				8C2AECCC2986B914005BDA50 /* Base */,
			);
			name = Main.storyboard;
			sourceTree = "<group>";
		};
		8C2AECD02986B916005BDA50 /* LaunchScreen.storyboard */ = {
			isa = PBXVariantGroup;
			children = (
				8C2AECD12986B916005BDA50 /* Base */,
			);
			name = LaunchScreen.storyboard;
			sourceTree = "<group>";
		};
/* End PBXVariantGroup section */

/* Begin XCBuildConfiguration section */
		8C2AECEA2986B917005BDA50 /* Debug */ = {
			isa = XCBuildConfiguration;
			buildSettings = {
				ALWAYS_SEARCH_USER_PATHS = NO;
				CLANG_ANALYZER_NONNULL = YES;
				CLANG_ANALYZER_NUMBER_OBJECT_CONVERSION = YES_AGGRESSIVE;
				CLANG_CXX_LANGUAGE_STANDARD = "gnu++17";
				CLANG_CXX_LIBRARY = "libc++";
				CLANG_ENABLE_MODULES = YES;
				CLANG_ENABLE_OBJC_ARC = YES;
				CLANG_ENABLE_OBJC_WEAK = YES;
				CLANG_WARN_BLOCK_CAPTURE_AUTORELEASING = YES;
				CLANG_WARN_BOOL_CONVERSION = YES;
				CLANG_WARN_COMMA = YES;
				CLANG_WARN_CONSTANT_CONVERSION = YES;
				CLANG_WARN_DEPRECATED_OBJC_IMPLEMENTATIONS = YES;
				CLANG_WARN_DIRECT_OBJC_ISA_USAGE = YES_ERROR;
				CLANG_WARN_DOCUMENTATION_COMMENTS = YES;
				CLANG_WARN_EMPTY_BODY = YES;
				CLANG_WARN_ENUM_CONVERSION = YES;
				CLANG_WARN_INFINITE_RECURSION = YES;
				CLANG_WARN_INT_CONVERSION = YES;
				CLANG_WARN_NON_LITERAL_NULL_CONVERSION = YES;
				CLANG_WARN_OBJC_IMPLICIT_RETAIN_SELF = YES;
				CLANG_WARN_OBJC_LITERAL_CONVERSION = YES;
				CLANG_WARN_OBJC_ROOT_CLASS = YES_ERROR;
				CLANG_WARN_QUOTED_INCLUDE_IN_FRAMEWORK_HEADER = YES;
				CLANG_WARN_RANGE_LOOP_ANALYSIS = YES;
				CLANG_WARN_STRICT_PROTOTYPES = YES;
				CLANG_WARN_SUSPICIOUS_MOVE = YES;
				CLANG_WARN_UNGUARDED_AVAILABILITY = YES_AGGRESSIVE;
				CLANG_WARN_UNREACHABLE_CODE = YES;
				CLANG_WARN__DUPLICATE_METHOD_MATCH = YES;
				COPY_PHASE_STRIP = NO;
				DEBUG_INFORMATION_FORMAT = dwarf;
				ENABLE_STRICT_OBJC_MSGSEND = YES;
				ENABLE_TESTABILITY = YES;
				GCC_C_LANGUAGE_STANDARD = gnu11;
				GCC_DYNAMIC_NO_PIC = NO;
				GCC_NO_COMMON_BLOCKS = YES;
				GCC_OPTIMIZATION_LEVEL = 0;
				GCC_PREPROCESSOR_DEFINITIONS = (
					"DEBUG=1",
					"$(inherited)",
				);
				GCC_WARN_64_TO_32_BIT_CONVERSION = YES;
				GCC_WARN_ABOUT_RETURN_TYPE = YES_ERROR;
				GCC_WARN_UNDECLARED_SELECTOR = YES;
				GCC_WARN_UNINITIALIZED_AUTOS = YES_AGGRESSIVE;
				GCC_WARN_UNUSED_FUNCTION = YES;
				GCC_WARN_UNUSED_VARIABLE = YES;
				IPHONEOS_DEPLOYMENT_TARGET = 15.0;
				MTL_ENABLE_DEBUG_INFO = INCLUDE_SOURCE;
				MTL_FAST_MATH = YES;
				ONLY_ACTIVE_ARCH = YES;
				SDKROOT = iphoneos;
				SWIFT_ACTIVE_COMPILATION_CONDITIONS = DEBUG;
				SWIFT_OPTIMIZATION_LEVEL = "-Onone";
			};
			name = Debug;
		};
		8C2AECEB2986B917005BDA50 /* Release */ = {
			isa = XCBuildConfiguration;
			buildSettings = {
				ALWAYS_SEARCH_USER_PATHS = NO;
				CLANG_ANALYZER_NONNULL = YES;
				CLANG_ANALYZER_NUMBER_OBJECT_CONVERSION = YES_AGGRESSIVE;
				CLANG_CXX_LANGUAGE_STANDARD = "gnu++17";
				CLANG_CXX_LIBRARY = "libc++";
				CLANG_ENABLE_MODULES = YES;
				CLANG_ENABLE_OBJC_ARC = YES;
				CLANG_ENABLE_OBJC_WEAK = YES;
				CLANG_WARN_BLOCK_CAPTURE_AUTORELEASING = YES;
				CLANG_WARN_BOOL_CONVERSION = YES;
				CLANG_WARN_COMMA = YES;
				CLANG_WARN_CONSTANT_CONVERSION = YES;
				CLANG_WARN_DEPRECATED_OBJC_IMPLEMENTATIONS = YES;
				CLANG_WARN_DIRECT_OBJC_ISA_USAGE = YES_ERROR;
				CLANG_WARN_DOCUMENTATION_COMMENTS = YES;
				CLANG_WARN_EMPTY_BODY = YES;
				CLANG_WARN_ENUM_CONVERSION = YES;
				CLANG_WARN_INFINITE_RECURSION = YES;
				CLANG_WARN_INT_CONVERSION = YES;
				CLANG_WARN_NON_LITERAL_NULL_CONVERSION = YES;
				CLANG_WARN_OBJC_IMPLICIT_RETAIN_SELF = YES;
				CLANG_WARN_OBJC_LITERAL_CONVERSION = YES;
				CLANG_WARN_OBJC_ROOT_CLASS = YES_ERROR;
				CLANG_WARN_QUOTED_INCLUDE_IN_FRAMEWORK_HEADER = YES;
				CLANG_WARN_RANGE_LOOP_ANALYSIS = YES;
				CLANG_WARN_STRICT_PROTOTYPES = YES;
				CLANG_WARN_SUSPICIOUS_MOVE = YES;
				CLANG_WARN_UNGUARDED_AVAILABILITY = YES_AGGRESSIVE;
				CLANG_WARN_UNREACHABLE_CODE = YES;
				CLANG_WARN__DUPLICATE_METHOD_MATCH = YES;
				COPY_PHASE_STRIP = NO;
				DEBUG_INFORMATION_FORMAT = "dwarf-with-dsym";
				ENABLE_NS_ASSERTIONS = NO;
				ENABLE_STRICT_OBJC_MSGSEND = YES;
				GCC_C_LANGUAGE_STANDARD = gnu11;
				GCC_NO_COMMON_BLOCKS = YES;
				GCC_WARN_64_TO_32_BIT_CONVERSION = YES;
				GCC_WARN_ABOUT_RETURN_TYPE = YES_ERROR;
				GCC_WARN_UNDECLARED_SELECTOR = YES;
				GCC_WARN_UNINITIALIZED_AUTOS = YES_AGGRESSIVE;
				GCC_WARN_UNUSED_FUNCTION = YES;
				GCC_WARN_UNUSED_VARIABLE = YES;
				IPHONEOS_DEPLOYMENT_TARGET = 15.0;
				MTL_ENABLE_DEBUG_INFO = NO;
				MTL_FAST_MATH = YES;
				SDKROOT = iphoneos;
				SWIFT_COMPILATION_MODE = wholemodule;
				SWIFT_OPTIMIZATION_LEVEL = "-O";
				VALIDATE_PRODUCT = YES;
			};
			name = Release;
		};
		8C2AECED2986B917005BDA50 /* Debug */ = {
			isa = XCBuildConfiguration;
			buildSettings = {
				ASSETCATALOG_COMPILER_APPICON_NAME = AppIcon;
				ASSETCATALOG_COMPILER_GLOBAL_ACCENT_COLOR_NAME = AccentColor;
				CODE_SIGN_STYLE = Automatic;
				CURRENT_PROJECT_VERSION = 1;
				GENERATE_INFOPLIST_FILE = YES;
				INFOPLIST_FILE = LightPro/Info.plist;
				INFOPLIST_KEY_UIApplicationSupportsIndirectInputEvents = YES;
				INFOPLIST_KEY_UILaunchStoryboardName = LaunchScreen;
				INFOPLIST_KEY_UIMainStoryboardFile = Main;
				INFOPLIST_KEY_UISupportedInterfaceOrientations_iPad = "UIInterfaceOrientationPortrait UIInterfaceOrientationPortraitUpsideDown UIInterfaceOrientationLandscapeLeft UIInterfaceOrientationLandscapeRight";
				INFOPLIST_KEY_UISupportedInterfaceOrientations_iPhone = "UIInterfaceOrientationPortrait UIInterfaceOrientationLandscapeLeft UIInterfaceOrientationLandscapeRight";
				LD_RUNPATH_SEARCH_PATHS = (
					"$(inherited)",
					"@executable_path/Frameworks",
				);
				MARKETING_VERSION = 1.0;
				PRODUCT_BUNDLE_IDENTIFIER = R.LightPro;
				PRODUCT_NAME = "$(TARGET_NAME)";
				SWIFT_EMIT_LOC_STRINGS = YES;
				SWIFT_VERSION = 5.0;
				TARGETED_DEVICE_FAMILY = "1,2";
			};
			name = Debug;
		};
		8C2AECEE2986B917005BDA50 /* Release */ = {
			isa = XCBuildConfiguration;
			buildSettings = {
				ASSETCATALOG_COMPILER_APPICON_NAME = AppIcon;
				ASSETCATALOG_COMPILER_GLOBAL_ACCENT_COLOR_NAME = AccentColor;
				CODE_SIGN_STYLE = Automatic;
				CURRENT_PROJECT_VERSION = 1;
				GENERATE_INFOPLIST_FILE = YES;
				INFOPLIST_FILE = LightPro/Info.plist;
				INFOPLIST_KEY_UIApplicationSupportsIndirectInputEvents = YES;
				INFOPLIST_KEY_UILaunchStoryboardName = LaunchScreen;
				INFOPLIST_KEY_UIMainStoryboardFile = Main;
				INFOPLIST_KEY_UISupportedInterfaceOrientations_iPad = "UIInterfaceOrientationPortrait UIInterfaceOrientationPortraitUpsideDown UIInterfaceOrientationLandscapeLeft UIInterfaceOrientationLandscapeRight";
				INFOPLIST_KEY_UISupportedInterfaceOrientations_iPhone = "UIInterfaceOrientationPortrait UIInterfaceOrientationLandscapeLeft UIInterfaceOrientationLandscapeRight";
				LD_RUNPATH_SEARCH_PATHS = (
					"$(inherited)",
					"@executable_path/Frameworks",
				);
				MARKETING_VERSION = 1.0;
				PRODUCT_BUNDLE_IDENTIFIER = R.LightPro;
				PRODUCT_NAME = "$(TARGET_NAME)";
				SWIFT_EMIT_LOC_STRINGS = YES;
				SWIFT_VERSION = 5.0;
				TARGETED_DEVICE_FAMILY = "1,2";
			};
			name = Release;
		};
		8C2AECF02986B917005BDA50 /* Debug */ = {
			isa = XCBuildConfiguration;
			buildSettings = {
				ALWAYS_EMBED_SWIFT_STANDARD_LIBRARIES = YES;
				BUNDLE_LOADER = "$(TEST_HOST)";
				CODE_SIGN_STYLE = Automatic;
				CURRENT_PROJECT_VERSION = 1;
				GENERATE_INFOPLIST_FILE = YES;
				IPHONEOS_DEPLOYMENT_TARGET = 15.0;
				LD_RUNPATH_SEARCH_PATHS = (
					"$(inherited)",
					"@executable_path/Frameworks",
					"@loader_path/Frameworks",
				);
				MARKETING_VERSION = 1.0;
				PRODUCT_BUNDLE_IDENTIFIER = R.LightProTests;
				PRODUCT_NAME = "$(TARGET_NAME)";
				SWIFT_EMIT_LOC_STRINGS = NO;
				SWIFT_VERSION = 5.0;
				TARGETED_DEVICE_FAMILY = "1,2";
				TEST_HOST = "$(BUILT_PRODUCTS_DIR)/LightPro.app/LightPro";
			};
			name = Debug;
		};
		8C2AECF12986B917005BDA50 /* Release */ = {
			isa = XCBuildConfiguration;
			buildSettings = {
				ALWAYS_EMBED_SWIFT_STANDARD_LIBRARIES = YES;
				BUNDLE_LOADER = "$(TEST_HOST)";
				CODE_SIGN_STYLE = Automatic;
				CURRENT_PROJECT_VERSION = 1;
				GENERATE_INFOPLIST_FILE = YES;
				IPHONEOS_DEPLOYMENT_TARGET = 15.0;
				LD_RUNPATH_SEARCH_PATHS = (
					"$(inherited)",
					"@executable_path/Frameworks",
					"@loader_path/Frameworks",
				);
				MARKETING_VERSION = 1.0;
				PRODUCT_BUNDLE_IDENTIFIER = R.LightProTests;
				PRODUCT_NAME = "$(TARGET_NAME)";
				SWIFT_EMIT_LOC_STRINGS = NO;
				SWIFT_VERSION = 5.0;
				TARGETED_DEVICE_FAMILY = "1,2";
				TEST_HOST = "$(BUILT_PRODUCTS_DIR)/LightPro.app/LightPro";
			};
			name = Release;
		};
		8C2AECF32986B917005BDA50 /* Debug */ = {
			isa = XCBuildConfiguration;
			buildSettings = {
				ALWAYS_EMBED_SWIFT_STANDARD_LIBRARIES = YES;
				CODE_SIGN_STYLE = Automatic;
				CURRENT_PROJECT_VERSION = 1;
				GENERATE_INFOPLIST_FILE = YES;
				LD_RUNPATH_SEARCH_PATHS = (
					"$(inherited)",
					"@executable_path/Frameworks",
					"@loader_path/Frameworks",
				);
				MARKETING_VERSION = 1.0;
				PRODUCT_BUNDLE_IDENTIFIER = R.LightProUITests;
				PRODUCT_NAME = "$(TARGET_NAME)";
				SWIFT_EMIT_LOC_STRINGS = NO;
				SWIFT_VERSION = 5.0;
				TARGETED_DEVICE_FAMILY = "1,2";
				TEST_TARGET_NAME = LightPro;
			};
			name = Debug;
		};
		8C2AECF42986B917005BDA50 /* Release */ = {
			isa = XCBuildConfiguration;
			buildSettings = {
				ALWAYS_EMBED_SWIFT_STANDARD_LIBRARIES = YES;
				CODE_SIGN_STYLE = Automatic;
				CURRENT_PROJECT_VERSION = 1;
				GENERATE_INFOPLIST_FILE = YES;
				LD_RUNPATH_SEARCH_PATHS = (
					"$(inherited)",
					"@executable_path/Frameworks",
					"@loader_path/Frameworks",
				);
				MARKETING_VERSION = 1.0;
				PRODUCT_BUNDLE_IDENTIFIER = R.LightProUITests;
				PRODUCT_NAME = "$(TARGET_NAME)";
				SWIFT_EMIT_LOC_STRINGS = NO;
				SWIFT_VERSION = 5.0;
				TARGETED_DEVICE_FAMILY = "1,2";
				TEST_TARGET_NAME = LightPro;
			};
			name = Release;
		};
/* End XCBuildConfiguration section */

/* Begin XCConfigurationList section */
		8C2AECBD2986B914005BDA50 /* Build configuration list for PBXProject "LightPro" */ = {
			isa = XCConfigurationList;
			buildConfigurations = (
				8C2AECEA2986B917005BDA50 /* Debug */,
				8C2AECEB2986B917005BDA50 /* Release */,
			);
			defaultConfigurationIsVisible = 0;
			defaultConfigurationName = Release;
		};
		8C2AECEC2986B917005BDA50 /* Build configuration list for PBXNativeTarget "LightPro" */ = {
			isa = XCConfigurationList;
			buildConfigurations = (
				8C2AECED2986B917005BDA50 /* Debug */,
				8C2AECEE2986B917005BDA50 /* Release */,
			);
			defaultConfigurationIsVisible = 0;
			defaultConfigurationName = Release;
		};
		8C2AECEF2986B917005BDA50 /* Build configuration list for PBXNativeTarget "LightProTests" */ = {
			isa = XCConfigurationList;
			buildConfigurations = (
				8C2AECF02986B917005BDA50 /* Debug */,
				8C2AECF12986B917005BDA50 /* Release */,
			);
			defaultConfigurationIsVisible = 0;
			defaultConfigurationName = Release;
		};
		8C2AECF22986B917005BDA50 /* Build configuration list for PBXNativeTarget "LightProUITests" */ = {
			isa = XCConfigurationList;
			buildConfigurations = (
				8C2AECF32986B917005BDA50 /* Debug */,
				8C2AECF42986B917005BDA50 /* Release */,
			);
			defaultConfigurationIsVisible = 0;
			defaultConfigurationName = Release;
		};
/* End XCConfigurationList section */
	};
	rootObject = 8C2AECBA2986B914005BDA50 /* Project object */;
}
